
Microsoft Visual Studio Solution File, Format Version 12.00
# Visual Studio 15
VisualStudioVersion = 15.0.27004.2002
MinimumVisualStudioVersion = 10.0.40219.1
Project("{2150E333-8FDC-42A3-9474-1A3956D46DE8}") = "Tests", "Tests", "{F567B25C-E869-4C93-9C96-077761250F87}"
EndProject
Project("{2150E333-8FDC-42A3-9474-1A3956D46DE8}") = "Samples", "Samples", "{A51CE5B6-294F-4D39-B32B-BF08DAF9B40B}"
EndProject
Project("{2150E333-8FDC-42A3-9474-1A3956D46DE8}") = "Library", "Library", "{681C45FB-103C-48BC-B992-20C5B6B78F92}"
EndProject
Project("{2150E333-8FDC-42A3-9474-1A3956D46DE8}") = "Build", "Build", "{CB51F03F-49BD-4B79-8AD4-67962230E76B}"
	ProjectSection(SolutionItems) = preProject
		.editorconfig = .editorconfig
		..\.gitignore = ..\.gitignore
		..\build.proj = ..\build.proj
		..\dev-build-push.bat = ..\dev-build-push.bat
		..\dev-build.bat = ..\dev-build.bat
		..\README.md = ..\README.md
		..\release-build-push.bat = ..\release-build-push.bat
		..\release-build.bat = ..\release-build.bat
		SharedAssemblyInfo.cs = SharedAssemblyInfo.cs
		template.nuspec = template.nuspec
	EndProjectSection
EndProject
Project("{9A19103F-16F7-4668-BE54-9A1E7A4F7556}") = "React.Core", "React.Core\React.Core.csproj", "{D0CC8A22-CEE6-485C-924B-1F94426FEA59}"
EndProject
Project("{9A19103F-16F7-4668-BE54-9A1E7A4F7556}") = "React.Sample.ConsoleApp", "React.Sample.ConsoleApp\React.Sample.ConsoleApp.csproj", "{350EFB8E-693C-4DFE-8162-C99C359CFC71}"
EndProject
Project("{9A19103F-16F7-4668-BE54-9A1E7A4F7556}") = "React.Tests", "..\tests\React.Tests\React.Tests.csproj", "{6AA0D75E-5797-4690-BEFC-098A60C511A3}"
EndProject
Project("{9A19103F-16F7-4668-BE54-9A1E7A4F7556}") = "React.AspNet", "React.AspNet\React.AspNet.csproj", "{631FCC55-0219-46DC-838A-C5A3E878943A}"
EndProject
Project("{9A19103F-16F7-4668-BE54-9A1E7A4F7556}") = "React.Router", "React.Router\React.Router.csproj", "{D076273B-C5EA-47C7-923D-523E4C5EE30D}"
EndProject
Project("{9A19103F-16F7-4668-BE54-9A1E7A4F7556}") = "React.AspNet.Middleware", "React.AspNet.Middleware\React.AspNet.Middleware.csproj", "{7E1C3999-1982-476D-9307-12B30737B41E}"
EndProject
Project("{9A19103F-16F7-4668-BE54-9A1E7A4F7556}") = "React.Tests.Benchmarks", "..\tests\React.Tests.Benchmarks\React.Tests.Benchmarks.csproj", "{083462CB-2FC0-4508-A7ED-4B77B44C3E23}"
EndProject
Project("{9A19103F-16F7-4668-BE54-9A1E7A4F7556}") = "React.Tests.Integration", "..\tests\React.Tests.Integration\React.Tests.Integration.csproj", "{5EBC5EA6-7234-40E0-A07B-75D01385FAD2}"
EndProject
Project("{9A19103F-16F7-4668-BE54-9A1E7A4F7556}") = "React.Tests.Common", "..\tests\React.Tests.Common\React.Tests.Common.csproj", "{29F7122F-ECBB-4EBE-A2BB-3A00CED73C19}"
EndProject
Project("{FAE04EC0-301F-11D3-BF4B-00C04F79EFBC}") = "React.Template", "React.Template\React.Template.csproj", "{FE067035-C82A-49D4-BFBE-4B0AF82F0817}"
EndProject
Global
	GlobalSection(SolutionConfigurationPlatforms) = preSolution
		Debug|Any CPU = Debug|Any CPU
		Release|Any CPU = Release|Any CPU
	EndGlobalSection
	GlobalSection(ProjectConfigurationPlatforms) = postSolution
		{D0CC8A22-CEE6-485C-924B-1F94426FEA59}.Debug|Any CPU.ActiveCfg = Debug|Any CPU
		{D0CC8A22-CEE6-485C-924B-1F94426FEA59}.Debug|Any CPU.Build.0 = Debug|Any CPU
		{D0CC8A22-CEE6-485C-924B-1F94426FEA59}.Release|Any CPU.ActiveCfg = Release|Any CPU
		{D0CC8A22-CEE6-485C-924B-1F94426FEA59}.Release|Any CPU.Build.0 = Release|Any CPU
		{350EFB8E-693C-4DFE-8162-C99C359CFC71}.Debug|Any CPU.ActiveCfg = Debug|Any CPU
		{350EFB8E-693C-4DFE-8162-C99C359CFC71}.Debug|Any CPU.Build.0 = Debug|Any CPU
		{350EFB8E-693C-4DFE-8162-C99C359CFC71}.Release|Any CPU.ActiveCfg = Release|Any CPU
		{350EFB8E-693C-4DFE-8162-C99C359CFC71}.Release|Any CPU.Build.0 = Release|Any CPU
		{6AA0D75E-5797-4690-BEFC-098A60C511A3}.Debug|Any CPU.ActiveCfg = Debug|Any CPU
		{6AA0D75E-5797-4690-BEFC-098A60C511A3}.Debug|Any CPU.Build.0 = Debug|Any CPU
		{6AA0D75E-5797-4690-BEFC-098A60C511A3}.Release|Any CPU.ActiveCfg = Release|Any CPU
		{6AA0D75E-5797-4690-BEFC-098A60C511A3}.Release|Any CPU.Build.0 = Release|Any CPU
		{631FCC55-0219-46DC-838A-C5A3E878943A}.Debug|Any CPU.ActiveCfg = Debug|Any CPU
		{631FCC55-0219-46DC-838A-C5A3E878943A}.Debug|Any CPU.Build.0 = Debug|Any CPU
		{631FCC55-0219-46DC-838A-C5A3E878943A}.Release|Any CPU.ActiveCfg = Release|Any CPU
		{631FCC55-0219-46DC-838A-C5A3E878943A}.Release|Any CPU.Build.0 = Release|Any CPU
		{D076273B-C5EA-47C7-923D-523E4C5EE30D}.Debug|Any CPU.ActiveCfg = Debug|Any CPU
		{D076273B-C5EA-47C7-923D-523E4C5EE30D}.Debug|Any CPU.Build.0 = Debug|Any CPU
		{D076273B-C5EA-47C7-923D-523E4C5EE30D}.Release|Any CPU.ActiveCfg = Release|Any CPU
		{D076273B-C5EA-47C7-923D-523E4C5EE30D}.Release|Any CPU.Build.0 = Release|Any CPU
		{7E1C3999-1982-476D-9307-12B30737B41E}.Debug|Any CPU.ActiveCfg = Debug|Any CPU
		{7E1C3999-1982-476D-9307-12B30737B41E}.Debug|Any CPU.Build.0 = Debug|Any CPU
		{7E1C3999-1982-476D-9307-12B30737B41E}.Release|Any CPU.ActiveCfg = Release|Any CPU
		{7E1C3999-1982-476D-9307-12B30737B41E}.Release|Any CPU.Build.0 = Release|Any CPU
		{083462CB-2FC0-4508-A7ED-4B77B44C3E23}.Debug|Any CPU.ActiveCfg = Debug|Any CPU
		{083462CB-2FC0-4508-A7ED-4B77B44C3E23}.Debug|Any CPU.Build.0 = Debug|Any CPU
		{083462CB-2FC0-4508-A7ED-4B77B44C3E23}.Release|Any CPU.ActiveCfg = Release|Any CPU
		{083462CB-2FC0-4508-A7ED-4B77B44C3E23}.Release|Any CPU.Build.0 = Release|Any CPU
		{5EBC5EA6-7234-40E0-A07B-75D01385FAD2}.Debug|Any CPU.ActiveCfg = Debug|Any CPU
		{5EBC5EA6-7234-40E0-A07B-75D01385FAD2}.Debug|Any CPU.Build.0 = Debug|Any CPU
		{5EBC5EA6-7234-40E0-A07B-75D01385FAD2}.Release|Any CPU.ActiveCfg = Release|Any CPU
		{5EBC5EA6-7234-40E0-A07B-75D01385FAD2}.Release|Any CPU.Build.0 = Release|Any CPU
		{29F7122F-ECBB-4EBE-A2BB-3A00CED73C19}.Debug|Any CPU.ActiveCfg = Debug|Any CPU
		{29F7122F-ECBB-4EBE-A2BB-3A00CED73C19}.Debug|Any CPU.Build.0 = Debug|Any CPU
		{29F7122F-ECBB-4EBE-A2BB-3A00CED73C19}.Release|Any CPU.ActiveCfg = Release|Any CPU
		{29F7122F-ECBB-4EBE-A2BB-3A00CED73C19}.Release|Any CPU.Build.0 = Release|Any CPU
		{FE067035-C82A-49D4-BFBE-4B0AF82F0817}.Debug|Any CPU.ActiveCfg = Debug|Any CPU
		{FE067035-C82A-49D4-BFBE-4B0AF82F0817}.Debug|Any CPU.Build.0 = Debug|Any CPU
		{FE067035-C82A-49D4-BFBE-4B0AF82F0817}.Release|Any CPU.ActiveCfg = Release|Any CPU
		{FE067035-C82A-49D4-BFBE-4B0AF82F0817}.Release|Any CPU.Build.0 = Release|Any CPU
	EndGlobalSection
	GlobalSection(SolutionProperties) = preSolution
		HideSolutionNode = FALSE
	EndGlobalSection
	GlobalSection(NestedProjects) = preSolution
		{D0CC8A22-CEE6-485C-924B-1F94426FEA59} = {681C45FB-103C-48BC-B992-20C5B6B78F92}
		{350EFB8E-693C-4DFE-8162-C99C359CFC71} = {A51CE5B6-294F-4D39-B32B-BF08DAF9B40B}
		{6AA0D75E-5797-4690-BEFC-098A60C511A3} = {F567B25C-E869-4C93-9C96-077761250F87}
		{631FCC55-0219-46DC-838A-C5A3E878943A} = {681C45FB-103C-48BC-B992-20C5B6B78F92}
		{D076273B-C5EA-47C7-923D-523E4C5EE30D} = {681C45FB-103C-48BC-B992-20C5B6B78F92}
		{7E1C3999-1982-476D-9307-12B30737B41E} = {681C45FB-103C-48BC-B992-20C5B6B78F92}
		{083462CB-2FC0-4508-A7ED-4B77B44C3E23} = {F567B25C-E869-4C93-9C96-077761250F87}
		{5EBC5EA6-7234-40E0-A07B-75D01385FAD2} = {F567B25C-E869-4C93-9C96-077761250F87}
		{29F7122F-ECBB-4EBE-A2BB-3A00CED73C19} = {F567B25C-E869-4C93-9C96-077761250F87}
	EndGlobalSection
	GlobalSection(ExtensibilityGlobals) = postSolution
		SolutionGuid = {DCF4A41E-C60D-4086-98A9-6F8508D7E8D0}
	EndGlobalSection
EndGlobal
